
Microsoft Visual Studio Solution File, Format Version 12.00
# Visual Studio Version 16
VisualStudioVersion = 16.0.29418.71
MinimumVisualStudioVersion = 10.0.40219.1
Project("{8BC9CEB8-8B4A-11D0-8D11-00A0C91BC942}") = "Sandbox", "Sandbox\Sandbox.vcxproj", "{04C7C477-5A1B-4184-90DB-766591DFAC33}"
EndProject
Project("{8BC9CEB8-8B4A-11D0-8D11-00A0C91BC942}") = "Crow", "Crow\Crow.vcxproj", "{1C84F731-D371-4295-A430-BA560E18E929}"
EndProject
Global
	GlobalSection(SolutionConfigurationPlatforms) = preSolution
		Debug|x64 = Debug|x64
		Release|x64 = Release|x64
	EndGlobalSection
	GlobalSection(ProjectConfigurationPlatforms) = postSolution
		{1C84F731-D371-4295-A430-BA560E18E929}.Debug|x64.ActiveCfg = Debug|x64
		{1C84F731-D371-4295-A430-BA560E18E929}.Debug|x64.Build.0 = Debug|x64
		{1C84F731-D371-4295-A430-BA560E18E929}.Release|x64.ActiveCfg = Release|x64
		{1C84F731-D371-4295-A430-BA560E18E929}.Release|x64.Build.0 = Release|x64
		{04C7C477-5A1B-4184-90DB-766591DFAC33}.Debug|x64.ActiveCfg = Debug|x64
		{04C7C477-5A1B-4184-90DB-766591DFAC33}.Debug|x64.Build.0 = Debug|x64
		{04C7C477-5A1B-4184-90DB-766591DFAC33}.Release|x64.ActiveCfg = Release|x64
		{04C7C477-5A1B-4184-90DB-766591DFAC33}.Release|x64.Build.0 = Release|x64
	EndGlobalSection
	GlobalSection(SolutionProperties) = preSolution
		HideSolutionNode = FALSE
	EndGlobalSection
	GlobalSection(ExtensibilityGlobals) = postSolution
		SolutionGuid = {9C0357A3-3392-4B22-AB27-5B9E6980C151}
	EndGlobalSection
EndGlobal
